
Microsoft Visual Studio Solution File, Format Version 12.00
Project("{FAE04EC0-301F-11D3-BF4B-00C04F79EFBC}") = "ClientBooking", "ClientBooking\ClientBooking.csproj", "{696C1B8A-C3B6-4660-A7B3-2AC9977C2948}"
EndProject
Project("{FAE04EC0-301F-11D3-BF4B-00C04F79EFBC}") = "ClientBooking.Tests.Unit", "ClientBooking.Tests.Unit\ClientBooking.Tests.Unit.csproj", "{55D916D7-B81E-4C45-909E-5E3D718EE131}"
EndProject
Project("{FAE04EC0-301F-11D3-BF4B-00C04F79EFBC}") = "ClientBooking.Tests.Integration", "ClientBooking.Tests.Integration\ClientBooking.Tests.Integration.csproj", "{78D7CBAA-C7BC-4834-A5AF-CFB4DE5E89D9}"
EndProject
Global
	GlobalSection(SolutionConfigurationPlatforms) = preSolution
		Debug|Any CPU = Debug|Any CPU
		Release|Any CPU = Release|Any CPU
	EndGlobalSection
	GlobalSection(ProjectConfigurationPlatforms) = postSolution
		{696C1B8A-C3B6-4660-A7B3-2AC9977C2948}.Debug|Any CPU.ActiveCfg = Debug|Any CPU
		{696C1B8A-C3B6-4660-A7B3-2AC9977C2948}.Debug|Any CPU.Build.0 = Debug|Any CPU
		{696C1B8A-C3B6-4660-A7B3-2AC9977C2948}.Release|Any CPU.ActiveCfg = Release|Any CPU
		{696C1B8A-C3B6-4660-A7B3-2AC9977C2948}.Release|Any CPU.Build.0 = Release|Any CPU
		{55D916D7-B81E-4C45-909E-5E3D718EE131}.Debug|Any CPU.ActiveCfg = Debug|Any CPU
		{55D916D7-B81E-4C45-909E-5E3D718EE131}.Debug|Any CPU.Build.0 = Debug|Any CPU
		{55D916D7-B81E-4C45-909E-5E3D718EE131}.Release|Any CPU.ActiveCfg = Release|Any CPU
		{55D916D7-B81E-4C45-909E-5E3D718EE131}.Release|Any CPU.Build.0 = Release|Any CPU
		{78D7CBAA-C7BC-4834-A5AF-CFB4DE5E89D9}.Debug|Any CPU.ActiveCfg = Debug|Any CPU
		{78D7CBAA-C7BC-4834-A5AF-CFB4DE5E89D9}.Debug|Any CPU.Build.0 = Debug|Any CPU
		{78D7CBAA-C7BC-4834-A5AF-CFB4DE5E89D9}.Release|Any CPU.ActiveCfg = Release|Any CPU
		{78D7CBAA-C7BC-4834-A5AF-CFB4DE5E89D9}.Release|Any CPU.Build.0 = Release|Any CPU
	EndGlobalSection
EndGlobal
